
Microsoft Visual Studio Solution File, Format Version 12.00
# Visual Studio Version 16
VisualStudioVersion = 16.0.30428.66
MinimumVisualStudioVersion = 10.0.40219.1
Project("{FAE04EC0-301F-11D3-BF4B-00C04F79EFBC}") = "BoomMonitor", "BoomMonitor\BoomMonitor.csproj", "{211C2DE6-A7BA-45F4-8DBC-AAC919532A01}"
EndProject
Global
	GlobalSection(SolutionConfigurationPlatforms) = preSolution
		Debug|Any CPU = Debug|Any CPU
		Release|Any CPU = Release|Any CPU
	EndGlobalSection
	GlobalSection(ProjectConfigurationPlatforms) = postSolution
		{211C2DE6-A7BA-45F4-8DBC-AAC919532A01}.Debug|Any CPU.ActiveCfg = Debug|Any CPU
		{211C2DE6-A7BA-45F4-8DBC-AAC919532A01}.Debug|Any CPU.Build.0 = Debug|Any CPU
		{211C2DE6-A7BA-45F4-8DBC-AAC919532A01}.Release|Any CPU.ActiveCfg = Release|Any CPU
		{211C2DE6-A7BA-45F4-8DBC-AAC919532A01}.Release|Any CPU.Build.0 = Release|Any CPU
	EndGlobalSection
	GlobalSection(SolutionProperties) = preSolution
		HideSolutionNode = FALSE
	EndGlobalSection
	GlobalSection(ExtensibilityGlobals) = postSolution
		SolutionGuid = {E4384C83-FCFB-433E-8867-111920BC6A96}
	EndGlobalSection
EndGlobal
